
Microsoft Visual Studio Solution File, Format Version 12.00
# Visual Studio Version 17
VisualStudioVersion = 17.9.34728.123
MinimumVisualStudioVersion = 10.0.40219.1
Project("{FAE04EC0-301F-11D3-BF4B-00C04F79EFBC}") = "SMS", "SMS.csproj", "{5B76B8D4-9679-4BAE-BA3C-15908F280033}"
EndProject
Project("{FAE04EC0-301F-11D3-BF4B-00C04F79EFBC}") = "SMS.Models", "..\SMS.Models\SMS.Models.csproj", "{4887E7B8-E40C-421A-99C0-2494731A3437}"
EndProject
Project("{FAE04EC0-301F-11D3-BF4B-00C04F79EFBC}") = "SMS.ViewModel", "..\SMS.ViewModel\SMS.ViewModel.csproj", "{ADCB0029-DD14-4AA8-A064-190605D7B197}"
EndProject
Project("{FAE04EC0-301F-11D3-BF4B-00C04F79EFBC}") = "SMS.BL", "..\SMS.BL\SMS.BL.csproj", "{9019F136-BAE1-490A-9FB2-807C6EB6CB25}"
EndProject
Project("{FAE04EC0-301F-11D3-BF4B-00C04F79EFBC}") = "SMS.Data", "..\SMS.Data\SMS.Data.csproj", "{A9EB7A29-F6AF-4EEB-A074-8A950CDF5078}"
EndProject
Global
	GlobalSection(SolutionConfigurationPlatforms) = preSolution
		Debug|Any CPU = Debug|Any CPU
		Release|Any CPU = Release|Any CPU
	EndGlobalSection
	GlobalSection(ProjectConfigurationPlatforms) = postSolution
		{5B76B8D4-9679-4BAE-BA3C-15908F280033}.Debug|Any CPU.ActiveCfg = Debug|Any CPU
		{5B76B8D4-9679-4BAE-BA3C-15908F280033}.Debug|Any CPU.Build.0 = Debug|Any CPU
		{5B76B8D4-9679-4BAE-BA3C-15908F280033}.Release|Any CPU.ActiveCfg = Release|Any CPU
		{5B76B8D4-9679-4BAE-BA3C-15908F280033}.Release|Any CPU.Build.0 = Release|Any CPU
		{4887E7B8-E40C-421A-99C0-2494731A3437}.Debug|Any CPU.ActiveCfg = Debug|Any CPU
		{4887E7B8-E40C-421A-99C0-2494731A3437}.Debug|Any CPU.Build.0 = Debug|Any CPU
		{4887E7B8-E40C-421A-99C0-2494731A3437}.Release|Any CPU.ActiveCfg = Release|Any CPU
		{4887E7B8-E40C-421A-99C0-2494731A3437}.Release|Any CPU.Build.0 = Release|Any CPU
		{ADCB0029-DD14-4AA8-A064-190605D7B197}.Debug|Any CPU.ActiveCfg = Debug|Any CPU
		{ADCB0029-DD14-4AA8-A064-190605D7B197}.Debug|Any CPU.Build.0 = Debug|Any CPU
		{ADCB0029-DD14-4AA8-A064-190605D7B197}.Release|Any CPU.ActiveCfg = Release|Any CPU
		{ADCB0029-DD14-4AA8-A064-190605D7B197}.Release|Any CPU.Build.0 = Release|Any CPU
		{9019F136-BAE1-490A-9FB2-807C6EB6CB25}.Debug|Any CPU.ActiveCfg = Debug|Any CPU
		{9019F136-BAE1-490A-9FB2-807C6EB6CB25}.Debug|Any CPU.Build.0 = Debug|Any CPU
		{9019F136-BAE1-490A-9FB2-807C6EB6CB25}.Release|Any CPU.ActiveCfg = Release|Any CPU
		{9019F136-BAE1-490A-9FB2-807C6EB6CB25}.Release|Any CPU.Build.0 = Release|Any CPU
		{A9EB7A29-F6AF-4EEB-A074-8A950CDF5078}.Debug|Any CPU.ActiveCfg = Debug|Any CPU
		{A9EB7A29-F6AF-4EEB-A074-8A950CDF5078}.Debug|Any CPU.Build.0 = Debug|Any CPU
		{A9EB7A29-F6AF-4EEB-A074-8A950CDF5078}.Release|Any CPU.ActiveCfg = Release|Any CPU
		{A9EB7A29-F6AF-4EEB-A074-8A950CDF5078}.Release|Any CPU.Build.0 = Release|Any CPU
	EndGlobalSection
	GlobalSection(SolutionProperties) = preSolution
		HideSolutionNode = FALSE
	EndGlobalSection
	GlobalSection(ExtensibilityGlobals) = postSolution
		SolutionGuid = {9FABD24C-D34A-45C2-A529-339DC0D74F13}
	EndGlobalSection
EndGlobal
